
Microsoft Visual Studio Solution File, Format Version 12.00
# Visual Studio 2013
VisualStudioVersion = 12.0.21005.1
MinimumVisualStudioVersion = 10.0.40219.1
Project("{FAE04EC0-301F-11D3-BF4B-00C04F79EFBC}") = "TrialServiceWeb", "TrialServiceWeb\TrialServiceWeb.csproj", "{038A756C-9507-487B-A082-2128CC8CA6A9}"
EndProject
Project("{2150E333-8FDC-42A3-9474-1A3956D46DE8}") = "Libraries", "Libraries", "{392BAEB0-F88C-4E14-8056-6F5775200510}"
	ProjectSection(SolutionItems) = preProject
		Library\Contract.dll = Library\Contract.dll
	EndProjectSection
EndProject
Project("{FAE04EC0-301F-11D3-BF4B-00C04F79EFBC}") = "TrialData", "TrialData\TrialData.csproj", "{6D7652C6-F671-4BE1-87D5-7FACAF637F54}"
EndProject
Global
	GlobalSection(SolutionConfigurationPlatforms) = preSolution
		Debug|Any CPU = Debug|Any CPU
		Release|Any CPU = Release|Any CPU
	EndGlobalSection
	GlobalSection(ProjectConfigurationPlatforms) = postSolution
		{038A756C-9507-487B-A082-2128CC8CA6A9}.Debug|Any CPU.ActiveCfg = Debug|Any CPU
		{038A756C-9507-487B-A082-2128CC8CA6A9}.Debug|Any CPU.Build.0 = Debug|Any CPU
		{038A756C-9507-487B-A082-2128CC8CA6A9}.Release|Any CPU.ActiveCfg = Release|Any CPU
		{038A756C-9507-487B-A082-2128CC8CA6A9}.Release|Any CPU.Build.0 = Release|Any CPU
		{6D7652C6-F671-4BE1-87D5-7FACAF637F54}.Debug|Any CPU.ActiveCfg = Debug|Any CPU
		{6D7652C6-F671-4BE1-87D5-7FACAF637F54}.Debug|Any CPU.Build.0 = Debug|Any CPU
		{6D7652C6-F671-4BE1-87D5-7FACAF637F54}.Release|Any CPU.ActiveCfg = Release|Any CPU
		{6D7652C6-F671-4BE1-87D5-7FACAF637F54}.Release|Any CPU.Build.0 = Release|Any CPU
	EndGlobalSection
	GlobalSection(SolutionProperties) = preSolution
		HideSolutionNode = FALSE
	EndGlobalSection
EndGlobal
